github.com/davecgh/go-spew v1.1.1 h1:vj9j/u1bqnvCEfJOwUhtlOARqs3+rkHYY13jYWTU97c=
github.com/davecgh/go-spew v1.1.1/go.mod h1:J7Y8YcW2NihsgmVo/mv3lAwl/skON4iLHjSsI+c5H38=
github.com/docker/docker v20.10.7+incompatible h1:Z6O9Nhsjv+ayUEeI1IojKbYcsGdgYSXqTzrgIsdvSbe=
github.com/docker/docker v20.10.7+incompatible/go.mod h1:eEKB0N0r5NX/I1kEveEz05bcu8tLC/8azJZsviup8Sk=
github.com/newdep/pkg v1.4.0 h1:cnP0Gv1V3TzuHKgKKMJ1Er3P4Nc7BidxSTHkYNTNGoc=
github.com/newdep/pkg v1.4.0/go.mod h1:o0kOsJKq2gWvOZ0jP1XqTTQIvXCLpXNQ9jxJqUrPvVs=
github.com/olddep/pkg v1.0.0 h1:JeIkuNhnVCBSMdrJ0Y1cJPLzL0LFzKPFVWRHYCPnPCU=
github.com/olddep/pkg v1.0.0/go.mod h1:kk2FBrHrhcBRuUxOOZBiFVXaHU6qZFP4c0uf9SdbHfE=
github.com/pmezard/go-difflib v1.0.0 h1:4DBwDE0NGyQoBHbLQYPwSUPoCMWR5BEzIk/f1lZbAQM=
github.com/pmezard/go-difflib v1.0.0/go.mod h1:iKH77koFhYxTK1pcRnkKkqfTogsbg7gZNVY4sRDYZ/4=
github.com/spf13/cobra v1.7.0 h1:hyqWnYt1ZQShIddO5kBpj3vu05/++x6tJ6dg8EC572I=
github.com/spf13/cobra v1.7.0/go.mod h1:uLxZILRyS/50WlhOIKD7W6V5bgeIt+4sICxh6uRMrb0=
github.com/spf13/pflag v1.0.5 h1:iy+VFUOCP1a+8yFto/drg2CJ5u0yRoB7fZw3DKv/JXA=
github.com/spf13/pflag v1.0.5/go.mod h1:McXfInJRrz4CZXVZOBLb0bTZqETkiAhM9Iw0y3An2Bg=
github.com/stretchr/testify v1.8.4 h1:CcVxjf4T2CAHzB4on6IhTl7qbBG1e7ZQaTAyQBhOLai=
github.com/stretchr/testify v1.8.4/go.mod h1:sz/lmYIOXD5VkUn3xg2tim1qaDLqbzO+iBZmCmO8Jjk=
golang.org/x/sync v0.0.0-20210101120000-abcdef123456 h1:5KsL6Uh1AGGnCFbmALCiHmpsCLoOgHQLpNpFPWWLnJc=
golang.org/x/sync v0.0.0-20210101120000-abcdef123456/go.mod h1:RxMgew5VJxzue5/jJTE5uejpjVlOe/izrB70Jof72aM=
gopkg.in/yaml.v3 v3.0.1 h1:fxVm/GzAzEWqLHuvctI91KS9hhNmmWOoWu0XTYJS7CA=
gopkg.in/yaml.v3 v3.0.1/go.mod h1:K4uyk7z7BCEPqu6E+C64Yfv1cQ7kz7rIZviUmN+EgEM=
