# THIS IS AN AUTOGENERATED FILE. DO NOT EDIT THIS FILE DIRECTLY.
# yarn lockfile v1


"@babel/core@^7.0.0", "@babel/core@^7.1.0":
  version "7.26.0"
  resolved "https://registry.yarnpkg.com/@babel/core/-/core-7.26.0.tgz#aaaaaaa"
  integrity sha512-AAAAAAAAAAAAAAAAAAAAAAAAAAAAAAAAAAAAAAAAAAAAAAAAAAAAAAAAAAAAAAAA==
  dependencies:
    "@babel/parser" "^7.26.0"
    semver "^6.3.0"

"@babel/parser@^7.26.0":
  version "7.26.1"
  resolved "https://registry.yarnpkg.com/@babel/parser/-/parser-7.26.1.tgz#bbbbbbb"
  integrity sha512-BBBBBBBBBBBBBBBBBBBBBBBBBBBBBBBBBBBBBBBBBBBBBBBBBBBBBBBBBBBBBBBB==

axios@^0.21.1:
  version "0.21.1"
  resolved "https://registry.yarnpkg.com/axios/-/axios-0.21.1.tgz#ccccccc"
  integrity sha512-CCCCCCCCCCCCCCCCCCCCCCCCCCCCCCCCCCCCCCCCCCCCCCCCCCCCCCCCCCCCCCCC==
  dependencies:
    follow-redirects "^1.14.0"

follow-redirects@^1.14.0:
  version "1.14.9"
  resolved "https://registry.yarnpkg.com/follow-redirects/-/follow-redirects-1.14.9.tgz#ddddddd"
  integrity sha512-DDDDDDDDDDDDDDDDDDDDDDDDDDDDDDDDDDDDDDDDDDDDDDDDDDDDDDDDDDDDDDDD==

jest@^27.0.0:
  version "27.5.1"
  resolved "https://registry.yarnpkg.com/jest/-/jest-27.5.1.tgz#eeeeeee"
  integrity sha512-EEEEEEEEEEEEEEEEEEEEEEEEEEEEEEEEEEEEEEEEEEEEEEEEEEEEEEEEEEEEEEEE==

"mylib@file:../mylib":
  version "1.0.0"
  resolved "file:../mylib"

semver@^6.3.0:
  version "6.3.1"
  resolved "https://registry.yarnpkg.com/semver/-/semver-6.3.1.tgz#fffffff"
  integrity sha512-FFFFFFFFFFFFFFFFFFFFFFFFFFFFFFFFFFFFFFFFFFFFFFFFFFFFFFFFFFFFFFFF==
