lockfileVersion: '6.0'

settings:
  autoInstallPeers: true
  excludeLinksFromLockfile: false

dependencies:
  '@babel/core':
    specifier: ^7.0.0
    version: 7.26.0
  axios:
    specifier: ^0.21.1
    version: 0.21.1
  mylib:
    specifier: link:../mylib
    version: link:../mylib

devDependencies:
  typescript:
    specifier: ^5.3.0
    version: 5.3.3

packages:

  /@babel/core@7.26.0:
    resolution: {integrity: sha512-AAAAAAAAAAAAAAAAAAAAAAAAAAAAAAAAAAAAAAAAAAAA==}
    engines: {node: '>=6.9.0'}
    dependencies:
      '@babel/parser': 7.26.1
    dev: false

  /@babel/parser@7.26.1:
    resolution: {integrity: sha512-BBBBBBBBBBBBBBBBBBBBBBBBBBBBBBBBBBBBBBBBBBBB==}
    engines: {node: '>=6.0.0'}
    hasBin: true
    dev: false

  /axios@0.21.1:
    resolution: {integrity: sha512-CCCCCCCCCCCCCCCCCCCCCCCCCCCCCCCCCCCCCCCCCCCC==}
    dependencies:
      follow-redirects: 1.14.9
    transitivePeerDependencies:
      - debug
    dev: false

  /follow-redirects@1.14.9:
    resolution: {integrity: sha512-DDDDDDDDDDDDDDDDDDDDDDDDDDDDDDDDDDDDDDDDDDDD==}
    engines: {node: '>=4.0'}
    dev: false

  /typescript@5.3.3:
    resolution: {integrity: sha512-EEEEEEEEEEEEEEEEEEEEEEEEEEEEEEEEEEEEEEEEEEEE==}
    engines: {node: '>=14.17'}
    hasBin: true
    dev: true
